
Microsoft Visual Studio Solution File, Format Version 12.00
# Visual Studio Version 17
VisualStudioVersion = 17.11.35219.272
MinimumVisualStudioVersion = 10.0.40219.1
Project("{FAE04EC0-301F-11D3-BF4B-00C04F79EFBC}") = "Company.Web", "Company.Web\Company.Web.csproj", "{78F4CA1C-05E6-4234-B612-ED06AB1E6FDA}"
EndProject
Project("{FAE04EC0-301F-11D3-BF4B-00C04F79EFBC}") = "Company.Data", "Company.Data\Company.Data.csproj", "{A1221E8D-7EBB-44FC-9AC4-6B67D8841307}"
EndProject
Project("{FAE04EC0-301F-11D3-BF4B-00C04F79EFBC}") = "Company.Repository", "Company.Repository\Company.Repository.csproj", "{D5D7EB72-24A9-4F5E-BAE2-0338E59F81AF}"
EndProject
Project("{FAE04EC0-301F-11D3-BF4B-00C04F79EFBC}") = "Company.Service", "Company.Service\Company.Service.csproj", "{AB9D6200-C581-4C22-9BFD-182F1EC33244}"
EndProject
Global
	GlobalSection(SolutionConfigurationPlatforms) = preSolution
		Debug|Any CPU = Debug|Any CPU
		Release|Any CPU = Release|Any CPU
	EndGlobalSection
	GlobalSection(ProjectConfigurationPlatforms) = postSolution
		{78F4CA1C-05E6-4234-B612-ED06AB1E6FDA}.Debug|Any CPU.ActiveCfg = Debug|Any CPU
		{78F4CA1C-05E6-4234-B612-ED06AB1E6FDA}.Debug|Any CPU.Build.0 = Debug|Any CPU
		{78F4CA1C-05E6-4234-B612-ED06AB1E6FDA}.Release|Any CPU.ActiveCfg = Release|Any CPU
		{78F4CA1C-05E6-4234-B612-ED06AB1E6FDA}.Release|Any CPU.Build.0 = Release|Any CPU
		{A1221E8D-7EBB-44FC-9AC4-6B67D8841307}.Debug|Any CPU.ActiveCfg = Debug|Any CPU
		{A1221E8D-7EBB-44FC-9AC4-6B67D8841307}.Debug|Any CPU.Build.0 = Debug|Any CPU
		{A1221E8D-7EBB-44FC-9AC4-6B67D8841307}.Release|Any CPU.ActiveCfg = Release|Any CPU
		{A1221E8D-7EBB-44FC-9AC4-6B67D8841307}.Release|Any CPU.Build.0 = Release|Any CPU
		{D5D7EB72-24A9-4F5E-BAE2-0338E59F81AF}.Debug|Any CPU.ActiveCfg = Debug|Any CPU
		{D5D7EB72-24A9-4F5E-BAE2-0338E59F81AF}.Debug|Any CPU.Build.0 = Debug|Any CPU
		{D5D7EB72-24A9-4F5E-BAE2-0338E59F81AF}.Release|Any CPU.ActiveCfg = Release|Any CPU
		{D5D7EB72-24A9-4F5E-BAE2-0338E59F81AF}.Release|Any CPU.Build.0 = Release|Any CPU
		{AB9D6200-C581-4C22-9BFD-182F1EC33244}.Debug|Any CPU.ActiveCfg = Debug|Any CPU
		{AB9D6200-C581-4C22-9BFD-182F1EC33244}.Debug|Any CPU.Build.0 = Debug|Any CPU
		{AB9D6200-C581-4C22-9BFD-182F1EC33244}.Release|Any CPU.ActiveCfg = Release|Any CPU
		{AB9D6200-C581-4C22-9BFD-182F1EC33244}.Release|Any CPU.Build.0 = Release|Any CPU
	EndGlobalSection
	GlobalSection(SolutionProperties) = preSolution
		HideSolutionNode = FALSE
	EndGlobalSection
	GlobalSection(ExtensibilityGlobals) = postSolution
		SolutionGuid = {F7E9B589-F9C1-4B90-8A63-F7238599DE94}
	EndGlobalSection
EndGlobal
